{
  "pins" : [
    {
      "identity" : "dessert",
      "kind" : "remoteSourceControl",
      "location" : "https://github.com/Monsteel/Dessert.git",
      "state" : {
        "revision" : "f06a44948acb1de7f349dc1f382cc32c03019dc2",
        "version" : "0.2.0"
      }
    },
    {
      "identity" : "rxswift",
      "kind" : "remoteSourceControl",
      "location" : "https://github.com/ReactiveX/RxSwift.git",
      "state" : {
        "revision" : "c7c7d2cf50a3211fe2843f76869c698e4e417930",
        "version" : "6.8.0"
      }
    }
  ],
  "version" : 2
}
