{
  "pins" : [
    {
      "identity" : "dessert",
      "kind" : "remoteSourceControl",
      "location" : "https://github.com/Monsteel/Dessert.git",
      "state" : {
        "revision" : "c90b99a680760b2466d6fda41824e3783e1a3ebe",
        "version" : "0.2.1"
      }
    },
    {
      "identity" : "rxswift",
      "kind" : "remoteSourceControl",
      "location" : "https://github.com/ReactiveX/RxSwift.git",
      "state" : {
        "revision" : "c7c7d2cf50a3211fe2843f76869c698e4e417930",
        "version" : "6.8.0"
      }
    }
  ],
  "version" : 2
}
